
Microsoft Visual Studio Solution File, Format Version 12.00
# Visual Studio Version 17
VisualStudioVersion = 17.13.35716.79 d17.13
MinimumVisualStudioVersion = 10.0.40219.1
Project("{FAE04EC0-301F-11D3-BF4B-00C04F79EFBC}") = "CqcConnectorApi", "CqcConnectorApi\CqcConnectorApi.csproj", "{04CF9844-4F2B-4DEA-B6BD-0A630B5EB714}"
EndProject
Global
	GlobalSection(SolutionConfigurationPlatforms) = preSolution
		Debug|Any CPU = Debug|Any CPU
		Release|Any CPU = Release|Any CPU
	EndGlobalSection
	GlobalSection(ProjectConfigurationPlatforms) = postSolution
		{04CF9844-4F2B-4DEA-B6BD-0A630B5EB714}.Debug|Any CPU.ActiveCfg = Debug|Any CPU
		{04CF9844-4F2B-4DEA-B6BD-0A630B5EB714}.Debug|Any CPU.Build.0 = Debug|Any CPU
		{04CF9844-4F2B-4DEA-B6BD-0A630B5EB714}.Release|Any CPU.ActiveCfg = Release|Any CPU
		{04CF9844-4F2B-4DEA-B6BD-0A630B5EB714}.Release|Any CPU.Build.0 = Release|Any CPU
	EndGlobalSection
	GlobalSection(SolutionProperties) = preSolution
		HideSolutionNode = FALSE
	EndGlobalSection
	GlobalSection(ExtensibilityGlobals) = postSolution
		SolutionGuid = {992FF22F-0D18-417D-B7A0-DD37BE272810}
	EndGlobalSection
EndGlobal
